
Microsoft Visual Studio Solution File, Format Version 12.00
# Visual Studio Version 17
VisualStudioVersion = 17.11.35219.272
MinimumVisualStudioVersion = 10.0.40219.1
Project("{9A19103F-16F7-4668-BE54-9A1E7A4F7556}") = "DB1.Core", "src\BuildingBlocks\DB1.Core\DB1.Core.csproj", "{869B063C-F77A-446F-8E5A-D665E3AC4253}"
EndProject
Project("{2150E333-8FDC-42A3-9474-1A3956D46DE8}") = "1 - Building Blocks", "1 - Building Blocks", "{779B11D2-4453-4EFB-AED8-C2775DCF4EA1}"
EndProject
Project("{2150E333-8FDC-42A3-9474-1A3956D46DE8}") = "Core", "Core", "{3239A732-04D1-4210-957D-47DC2D22394E}"
EndProject
Project("{2150E333-8FDC-42A3-9474-1A3956D46DE8}") = "5 - Domain", "5 - Domain", "{BCBE8B9D-3136-49F0-8463-99E37CB248C5}"
EndProject
Project("{9A19103F-16F7-4668-BE54-9A1E7A4F7556}") = "DB1.Desafio.Domain", "src\DB1.Desafio.Domain\DB1.Desafio.Domain.csproj", "{274B3AB2-9FA2-4F87-BBA2-33A6B4E5C141}"
EndProject
Project("{2150E333-8FDC-42A3-9474-1A3956D46DE8}") = "7 - Tests", "7 - Tests", "{DB107209-7F82-4A81-AC32-792691A98641}"
EndProject
Project("{9A19103F-16F7-4668-BE54-9A1E7A4F7556}") = "DB1.Desafio.Tests", "src\DB1.Desafio.Tests\DB1.Desafio.Tests.csproj", "{F42C7C7A-2D36-42EA-8D12-1C1402283DC8}"
EndProject
Project("{2150E333-8FDC-42A3-9474-1A3956D46DE8}") = "6 - Infrastructure", "6 - Infrastructure", "{938084B5-2752-4F3C-8A44-194F82EDC4A2}"
EndProject
Project("{9A19103F-16F7-4668-BE54-9A1E7A4F7556}") = "DB1.Desafio.Infra", "src\DB1.Desafio.Infra\DB1.Desafio.Infra.csproj", "{CCA1BF53-6D50-410A-B4E5-F1D96442D57A}"
EndProject
Project("{2150E333-8FDC-42A3-9474-1A3956D46DE8}") = "4 - Application", "4 - Application", "{90046982-6674-4A98-AA4F-203BDABDFDE1}"
EndProject
Project("{9A19103F-16F7-4668-BE54-9A1E7A4F7556}") = "DB1.Desafio.Application", "src\DB1.Desafio.Application\DB1.Desafio.Application.csproj", "{8BEBF6B0-F410-4AE1-B621-0F71A41D541D}"
EndProject
Project("{2150E333-8FDC-42A3-9474-1A3956D46DE8}") = "3 - Ioc", "3 - Ioc", "{81BFDCDB-F1F0-4A95-8889-B988BE9FE5B7}"
EndProject
Project("{FAE04EC0-301F-11D3-BF4B-00C04F79EFBC}") = "DB1.Desafio.IOC", "src\DB1.Desafio.IOC\DB1.Desafio.IOC.csproj", "{1DC95391-CB2D-4563-BE03-472A294FBBF1}"
EndProject
Project("{2150E333-8FDC-42A3-9474-1A3956D46DE8}") = "2 - Presentation", "2 - Presentation", "{78149A02-B5A6-4DA5-AE72-D9F917E8E6D9}"
EndProject
Project("{FAE04EC0-301F-11D3-BF4B-00C04F79EFBC}") = "DB1.Desafio.Api", "src\DB1.Desafio.Api\DB1.Desafio.Api.csproj", "{637EE808-B85C-4005-B021-45B2690336ED}"
EndProject
Project("{2150E333-8FDC-42A3-9474-1A3956D46DE8}") = "Services", "Services", "{7E492906-2071-4AB5-BEF1-BBC5C745FE8E}"
EndProject
Project("{FAE04EC0-301F-11D3-BF4B-00C04F79EFBC}") = "DB1.WebApi.Core", "src\BuildingBlocks\DB1.WebApi.Core\DB1.WebApi.Core.csproj", "{06F8DBD6-81E9-41C6-A7F2-16DE8E7B7464}"
EndProject
Global
	GlobalSection(SolutionConfigurationPlatforms) = preSolution
		Debug|Any CPU = Debug|Any CPU
		Release|Any CPU = Release|Any CPU
	EndGlobalSection
	GlobalSection(ProjectConfigurationPlatforms) = postSolution
		{869B063C-F77A-446F-8E5A-D665E3AC4253}.Debug|Any CPU.ActiveCfg = Debug|Any CPU
		{869B063C-F77A-446F-8E5A-D665E3AC4253}.Debug|Any CPU.Build.0 = Debug|Any CPU
		{869B063C-F77A-446F-8E5A-D665E3AC4253}.Release|Any CPU.ActiveCfg = Release|Any CPU
		{869B063C-F77A-446F-8E5A-D665E3AC4253}.Release|Any CPU.Build.0 = Release|Any CPU
		{274B3AB2-9FA2-4F87-BBA2-33A6B4E5C141}.Debug|Any CPU.ActiveCfg = Debug|Any CPU
		{274B3AB2-9FA2-4F87-BBA2-33A6B4E5C141}.Debug|Any CPU.Build.0 = Debug|Any CPU
		{274B3AB2-9FA2-4F87-BBA2-33A6B4E5C141}.Release|Any CPU.ActiveCfg = Release|Any CPU
		{274B3AB2-9FA2-4F87-BBA2-33A6B4E5C141}.Release|Any CPU.Build.0 = Release|Any CPU
		{F42C7C7A-2D36-42EA-8D12-1C1402283DC8}.Debug|Any CPU.ActiveCfg = Debug|Any CPU
		{F42C7C7A-2D36-42EA-8D12-1C1402283DC8}.Debug|Any CPU.Build.0 = Debug|Any CPU
		{F42C7C7A-2D36-42EA-8D12-1C1402283DC8}.Release|Any CPU.ActiveCfg = Release|Any CPU
		{F42C7C7A-2D36-42EA-8D12-1C1402283DC8}.Release|Any CPU.Build.0 = Release|Any CPU
		{CCA1BF53-6D50-410A-B4E5-F1D96442D57A}.Debug|Any CPU.ActiveCfg = Debug|Any CPU
		{CCA1BF53-6D50-410A-B4E5-F1D96442D57A}.Debug|Any CPU.Build.0 = Debug|Any CPU
		{CCA1BF53-6D50-410A-B4E5-F1D96442D57A}.Release|Any CPU.ActiveCfg = Release|Any CPU
		{CCA1BF53-6D50-410A-B4E5-F1D96442D57A}.Release|Any CPU.Build.0 = Release|Any CPU
		{8BEBF6B0-F410-4AE1-B621-0F71A41D541D}.Debug|Any CPU.ActiveCfg = Debug|Any CPU
		{8BEBF6B0-F410-4AE1-B621-0F71A41D541D}.Debug|Any CPU.Build.0 = Debug|Any CPU
		{8BEBF6B0-F410-4AE1-B621-0F71A41D541D}.Release|Any CPU.ActiveCfg = Release|Any CPU
		{8BEBF6B0-F410-4AE1-B621-0F71A41D541D}.Release|Any CPU.Build.0 = Release|Any CPU
		{1DC95391-CB2D-4563-BE03-472A294FBBF1}.Debug|Any CPU.ActiveCfg = Debug|Any CPU
		{1DC95391-CB2D-4563-BE03-472A294FBBF1}.Debug|Any CPU.Build.0 = Debug|Any CPU
		{1DC95391-CB2D-4563-BE03-472A294FBBF1}.Release|Any CPU.ActiveCfg = Release|Any CPU
		{1DC95391-CB2D-4563-BE03-472A294FBBF1}.Release|Any CPU.Build.0 = Release|Any CPU
		{637EE808-B85C-4005-B021-45B2690336ED}.Debug|Any CPU.ActiveCfg = Debug|Any CPU
		{637EE808-B85C-4005-B021-45B2690336ED}.Debug|Any CPU.Build.0 = Debug|Any CPU
		{637EE808-B85C-4005-B021-45B2690336ED}.Release|Any CPU.ActiveCfg = Release|Any CPU
		{637EE808-B85C-4005-B021-45B2690336ED}.Release|Any CPU.Build.0 = Release|Any CPU
		{06F8DBD6-81E9-41C6-A7F2-16DE8E7B7464}.Debug|Any CPU.ActiveCfg = Debug|Any CPU
		{06F8DBD6-81E9-41C6-A7F2-16DE8E7B7464}.Debug|Any CPU.Build.0 = Debug|Any CPU
		{06F8DBD6-81E9-41C6-A7F2-16DE8E7B7464}.Release|Any CPU.ActiveCfg = Release|Any CPU
		{06F8DBD6-81E9-41C6-A7F2-16DE8E7B7464}.Release|Any CPU.Build.0 = Release|Any CPU
	EndGlobalSection
	GlobalSection(SolutionProperties) = preSolution
		HideSolutionNode = FALSE
	EndGlobalSection
	GlobalSection(NestedProjects) = preSolution
		{869B063C-F77A-446F-8E5A-D665E3AC4253} = {3239A732-04D1-4210-957D-47DC2D22394E}
		{3239A732-04D1-4210-957D-47DC2D22394E} = {779B11D2-4453-4EFB-AED8-C2775DCF4EA1}
		{274B3AB2-9FA2-4F87-BBA2-33A6B4E5C141} = {BCBE8B9D-3136-49F0-8463-99E37CB248C5}
		{F42C7C7A-2D36-42EA-8D12-1C1402283DC8} = {DB107209-7F82-4A81-AC32-792691A98641}
		{CCA1BF53-6D50-410A-B4E5-F1D96442D57A} = {938084B5-2752-4F3C-8A44-194F82EDC4A2}
		{8BEBF6B0-F410-4AE1-B621-0F71A41D541D} = {90046982-6674-4A98-AA4F-203BDABDFDE1}
		{1DC95391-CB2D-4563-BE03-472A294FBBF1} = {81BFDCDB-F1F0-4A95-8889-B988BE9FE5B7}
		{637EE808-B85C-4005-B021-45B2690336ED} = {78149A02-B5A6-4DA5-AE72-D9F917E8E6D9}
		{7E492906-2071-4AB5-BEF1-BBC5C745FE8E} = {779B11D2-4453-4EFB-AED8-C2775DCF4EA1}
		{06F8DBD6-81E9-41C6-A7F2-16DE8E7B7464} = {7E492906-2071-4AB5-BEF1-BBC5C745FE8E}
	EndGlobalSection
	GlobalSection(ExtensibilityGlobals) = postSolution
		SolutionGuid = {E8BDDAAA-FB8E-42C6-AC19-E64664846D9C}
	EndGlobalSection
EndGlobal
